<?xml version="1.0" encoding="utf-8"?>
<Project ToolsVersion="4.0" xmlns="http://schemas.microsoft.com/developer/msbuild/2003">
  <ItemGroup>
    <Filter Include="소스 파일">
      <UniqueIdentifier>{4FC737F1-C7A5-4376-A066-2A32D752A2FF}</UniqueIdentifier>
      <Extensions>cpp;c;cc;cxx;def;odl;idl;hpj;bat;asm;asmx</Extensions>
    </Filter>
    <Filter Include="헤더 파일">
      <UniqueIdentifier>{93995380-89BD-4b04-88EB-625FBE52EBFB}</UniqueIdentifier>
      <Extensions>h;hh;hpp;hxx;hm;inl;inc;ipp;xsd</Extensions>
    </Filter>
    <Filter Include="리소스 파일">
      <UniqueIdentifier>{67DA6AB6-F800-4c08-8B7A-83BB121AAD01}</UniqueIdentifier>
      <Extensions>rc;ico;cur;bmp;dlg;rc2;rct;bin;rgs;gif;jpg;jpeg;jpe;resx;tiff;tif;png;wav;mfcribbon-ms</Extensions>
    </Filter>
    <Filter Include="헤더 파일\Library">
      <UniqueIdentifier>{4d988602-22e5-4004-8d92-ed4c20fb2e9c}</UniqueIdentifier>
    </Filter>
  </ItemGroup>
  <ItemGroup>
    <ClCompile Include="main.cpp">
      <Filter>소스 파일</Filter>
    </ClCompile>
    <ClCompile Include="AnimEventWatcher.cpp">
      <Filter>소스 파일</Filter>
    </ClCompile>
    <ClCompile Include="Utils.cpp">
      <Filter>소스 파일</Filter>
    </ClCompile>
    <ClCompile Include="ObjectLoadWatcher.cpp">
      <Filter>소스 파일</Filter>
    </ClCompile>
    <ClCompile Include="WeaponSpeedManager.cpp">
      <Filter>소스 파일</Filter>
    </ClCompile>
    <ClCompile Include="ActorManager.cpp">
      <Filter>소스 파일</Filter>
    </ClCompile>
    <ClCompile Include="HitEventWatcher.cpp">
      <Filter>소스 파일</Filter>
    </ClCompile>
    <ClCompile Include="HitEventTask.cpp">
      <Filter>소스 파일</Filter>
    </ClCompile>
    <ClCompile Include="StaggerTask.cpp">
      <Filter>소스 파일</Filter>
    </ClCompile>
    <ClCompile Include="ConfigManager.cpp">
      <Filter>소스 파일</Filter>
    </ClCompile>
    <ClCompile Include="AddressManager.cpp">
      <Filter>소스 파일</Filter>
    </ClCompile>
    <ClCompile Include="MenuWatcher.cpp">
      <Filter>소스 파일</Filter>
    </ClCompile>
  </ItemGroup>
  <ItemGroup>
    <None Include="exports.def">
      <Filter>소스 파일</Filter>
    </None>
  </ItemGroup>
  <ItemGroup>
    <ClInclude Include="AnimEventWatcher.h">
      <Filter>헤더 파일</Filter>
    </ClInclude>
    <ClInclude Include="Utils.h">
      <Filter>헤더 파일</Filter>
    </ClInclude>
    <ClInclude Include="HitEventWatcher.h">
      <Filter>헤더 파일</Filter>
    </ClInclude>
    <ClInclude Include="ObjectLoadWatcher.h">
      <Filter>헤더 파일</Filter>
    </ClInclude>
    <ClInclude Include="WeaponSpeedManager.h">
      <Filter>헤더 파일</Filter>
    </ClInclude>
    <ClInclude Include="ActorManager.h">
      <Filter>헤더 파일</Filter>
    </ClInclude>
    <ClInclude Include="HitEventTask.h">
      <Filter>헤더 파일</Filter>
    </ClInclude>
    <ClInclude Include="StaggerTask.h">
      <Filter>헤더 파일</Filter>
    </ClInclude>
    <ClInclude Include="INILibrary\SimpleIni.h">
      <Filter>헤더 파일\Library</Filter>
    </ClInclude>
    <ClInclude Include="ConfigManager.h">
      <Filter>헤더 파일</Filter>
    </ClInclude>
    <ClInclude Include="PatternScanner.h">
      <Filter>헤더 파일</Filter>
    </ClInclude>
    <ClInclude Include="AddressManager.h">
      <Filter>헤더 파일</Filter>
    </ClInclude>
    <ClInclude Include="ModifiedSKSE.h">
      <Filter>헤더 파일</Filter>
    </ClInclude>
    <ClInclude Include="MenuWatcher.h">
      <Filter>헤더 파일</Filter>
    </ClInclude>
  </ItemGroup>
</Project>